{
  "originHash" : "6a9b550b084aa84d60adb4e39b8e81ced6df46c483b1adc596a35eed718832d1",
  "pins" : [
    {
      "identity" : "grdb.swift",
      "kind" : "remoteSourceControl",
      "location" : "https://github.com/groue/GRDB.swift.git",
      "state" : {
        "revision" : "36e30a6f1ef10e4194f6af0cff90888526f0c115",
        "version" : "7.10.0"
      }
    },
    {
      "identity" : "libghostty-swift",
      "kind" : "remoteSourceControl",
      "location" : "https://github.com/jiweiyuan/libghostty-swift",
      "state" : {
        "revision" : "f2d4cbdf7a16bc5d917034f813f47c2a1c5dde97",
        "version" : "1.0.16"
      }
    },
    {
      "identity" : "msdisplaylink",
      "kind" : "remoteSourceControl",
      "location" : "https://github.com/Lakr233/MSDisplayLink.git",
      "state" : {
        "revision" : "87eb0af130744c8cbe2e31b6e1a5bcd659f1c220",
        "version" : "2.2.0"
      }
    }
  ],
  "version" : 3
}
