{
  "originHash" : "637f1979ff2835a8481d5f8002e33c9264dc50b6b5996db7ccb5278652697560",
  "pins" : [
    {
      "identity" : "grdb.swift",
      "kind" : "remoteSourceControl",
      "location" : "https://github.com/groue/GRDB.swift.git",
      "state" : {
        "revision" : "36e30a6f1ef10e4194f6af0cff90888526f0c115",
        "version" : "7.10.0"
      }
    },
    {
      "identity" : "libghostty-swift",
      "kind" : "remoteSourceControl",
      "location" : "https://github.com/jiweiyuan/libghostty-swift",
      "state" : {
        "revision" : "ffc7c068e89b12b2b1a1375dd0d7e6ef82403f62",
        "version" : "1.0.15"
      }
    },
    {
      "identity" : "msdisplaylink",
      "kind" : "remoteSourceControl",
      "location" : "https://github.com/Lakr233/MSDisplayLink.git",
      "state" : {
        "revision" : "87eb0af130744c8cbe2e31b6e1a5bcd659f1c220",
        "version" : "2.2.0"
      }
    }
  ],
  "version" : 3
}
