{
  "originHash" : "316456667dd84e2808d3963a9b973325085b6ae83d36d0fa4b71d3ddfebf152e",
  "pins" : [
    {
      "identity" : "libghostty-swift",
      "kind" : "remoteSourceControl",
      "location" : "https://github.com/jiweiyuan/libghostty-swift",
      "state" : {
        "revision" : "f2d4cbdf7a16bc5d917034f813f47c2a1c5dde97",
        "version" : "1.0.16"
      }
    },
    {
      "identity" : "msdisplaylink",
      "kind" : "remoteSourceControl",
      "location" : "https://github.com/Lakr233/MSDisplayLink.git",
      "state" : {
        "revision" : "87eb0af130744c8cbe2e31b6e1a5bcd659f1c220",
        "version" : "2.2.0"
      }
    }
  ],
  "version" : 3
}
